// !$*UTF8*$!
{
	archiveVersion = 1;
	classes = {
	};
	objectVersion = 52;
	objects = {

/* Begin PBXBuildFile section */
		A5B86A642754987F00E288FA /* Mesh_Potential_Initialization.swift in Sources */ = {isa = PBXBuildFile; fileRef = A5B86A5C2754987F00E288FA /* Mesh_Potential_Initialization.swift */; };
		A5B86A652754987F00E288FA /* Mesh_Potential_Initialization.swift in Sources */ = {isa = PBXBuildFile; fileRef = A5B86A5C2754987F00E288FA /* Mesh_Potential_Initialization.swift */; };
		A5B86A662754987F00E288FA /* Mesh_Potential_Initialization.swift in Sources */ = {isa = PBXBuildFile; fileRef = A5B86A5C2754987F00E288FA /* Mesh_Potential_Initialization.swift */; };
		A5B86A672754987F00E288FA /* Mesh_Potential_Initialization.swift in Sources */ = {isa = PBXBuildFile; fileRef = A5B86A5C2754987F00E288FA /* Mesh_Potential_Initialization.swift */; };
		A5B86A682754987F00E288FA /* Output_File.swift in Sources */ = {isa = PBXBuildFile; fileRef = A5B86A5D2754987F00E288FA /* Output_File.swift */; };
		A5B86A692754987F00E288FA /* Output_File.swift in Sources */ = {isa = PBXBuildFile; fileRef = A5B86A5D2754987F00E288FA /* Output_File.swift */; };
		A5B86A6A2754987F00E288FA /* Output_File.swift in Sources */ = {isa = PBXBuildFile; fileRef = A5B86A5D2754987F00E288FA /* Output_File.swift */; };
		A5B86A6B2754987F00E288FA /* Output_File.swift in Sources */ = {isa = PBXBuildFile; fileRef = A5B86A5D2754987F00E288FA /* Output_File.swift */; };
		A5B86A6C2754987F00E288FA /* HFS_textbook_values.swift in Sources */ = {isa = PBXBuildFile; fileRef = A5B86A5E2754987F00E288FA /* HFS_textbook_values.swift */; };
		A5B86A6D2754987F00E288FA /* HFS_textbook_values.swift in Sources */ = {isa = PBXBuildFile; fileRef = A5B86A5E2754987F00E288FA /* HFS_textbook_values.swift */; };
		A5B86A6E2754987F00E288FA /* HFS_textbook_values.swift in Sources */ = {isa = PBXBuildFile; fileRef = A5B86A5E2754987F00E288FA /* HFS_textbook_values.swift */; };
		A5B86A6F2754987F00E288FA /* HFS_textbook_values.swift in Sources */ = {isa = PBXBuildFile; fileRef = A5B86A5E2754987F00E288FA /* HFS_textbook_values.swift */; };
		A5B86A702754987F00E288FA /* Schroedinger_Eq_SubRoutine.swift in Sources */ = {isa = PBXBuildFile; fileRef = A5B86A5F2754987F00E288FA /* Schroedinger_Eq_SubRoutine.swift */; };
		A5B86A712754987F00E288FA /* Schroedinger_Eq_SubRoutine.swift in Sources */ = {isa = PBXBuildFile; fileRef = A5B86A5F2754987F00E288FA /* Schroedinger_Eq_SubRoutine.swift */; };
		A5B86A722754987F00E288FA /* Schroedinger_Eq_SubRoutine.swift in Sources */ = {isa = PBXBuildFile; fileRef = A5B86A5F2754987F00E288FA /* Schroedinger_Eq_SubRoutine.swift */; };
		A5B86A732754987F00E288FA /* Schroedinger_Eq_SubRoutine.swift in Sources */ = {isa = PBXBuildFile; fileRef = A5B86A5F2754987F00E288FA /* Schroedinger_Eq_SubRoutine.swift */; };
		A5B86A742754987F00E288FA /* Functional_Functions.swift in Sources */ = {isa = PBXBuildFile; fileRef = A5B86A602754987F00E288FA /* Functional_Functions.swift */; };
		A5B86A752754987F00E288FA /* Functional_Functions.swift in Sources */ = {isa = PBXBuildFile; fileRef = A5B86A602754987F00E288FA /* Functional_Functions.swift */; };
		A5B86A762754987F00E288FA /* Functional_Functions.swift in Sources */ = {isa = PBXBuildFile; fileRef = A5B86A602754987F00E288FA /* Functional_Functions.swift */; };
		A5B86A772754987F00E288FA /* Functional_Functions.swift in Sources */ = {isa = PBXBuildFile; fileRef = A5B86A602754987F00E288FA /* Functional_Functions.swift */; };
		A5B86A782754987F00E288FA /* WaveFunction_Values.swift in Sources */ = {isa = PBXBuildFile; fileRef = A5B86A612754987F00E288FA /* WaveFunction_Values.swift */; };
		A5B86A792754987F00E288FA /* WaveFunction_Values.swift in Sources */ = {isa = PBXBuildFile; fileRef = A5B86A612754987F00E288FA /* WaveFunction_Values.swift */; };
		A5B86A7A2754987F00E288FA /* WaveFunction_Values.swift in Sources */ = {isa = PBXBuildFile; fileRef = A5B86A612754987F00E288FA /* WaveFunction_Values.swift */; };
		A5B86A7B2754987F00E288FA /* WaveFunction_Values.swift in Sources */ = {isa = PBXBuildFile; fileRef = A5B86A612754987F00E288FA /* WaveFunction_Values.swift */; };
		A5B86A7C2754987F00E288FA /* Input_File.swift in Sources */ = {isa = PBXBuildFile; fileRef = A5B86A622754987F00E288FA /* Input_File.swift */; };
		A5B86A7D2754987F00E288FA /* Input_File.swift in Sources */ = {isa = PBXBuildFile; fileRef = A5B86A622754987F00E288FA /* Input_File.swift */; };
		A5B86A7E2754987F00E288FA /* Input_File.swift in Sources */ = {isa = PBXBuildFile; fileRef = A5B86A622754987F00E288FA /* Input_File.swift */; };
		A5B86A7F2754987F00E288FA /* Input_File.swift in Sources */ = {isa = PBXBuildFile; fileRef = A5B86A622754987F00E288FA /* Input_File.swift */; };
		A5B86A802754987F00E288FA /* Self_Consistent_Potentials.swift in Sources */ = {isa = PBXBuildFile; fileRef = A5B86A632754987F00E288FA /* Self_Consistent_Potentials.swift */; };
		A5B86A812754987F00E288FA /* Self_Consistent_Potentials.swift in Sources */ = {isa = PBXBuildFile; fileRef = A5B86A632754987F00E288FA /* Self_Consistent_Potentials.swift */; };
		A5B86A822754987F00E288FA /* Self_Consistent_Potentials.swift in Sources */ = {isa = PBXBuildFile; fileRef = A5B86A632754987F00E288FA /* Self_Consistent_Potentials.swift */; };
		A5B86A832754987F00E288FA /* Self_Consistent_Potentials.swift in Sources */ = {isa = PBXBuildFile; fileRef = A5B86A632754987F00E288FA /* Self_Consistent_Potentials.swift */; };
		A5B86A8527552B5200E288FA /* TextView.swift in Sources */ = {isa = PBXBuildFile; fileRef = A5B86A8427552B5200E288FA /* TextView.swift */; };
		A5B86A8627552B5200E288FA /* TextView.swift in Sources */ = {isa = PBXBuildFile; fileRef = A5B86A8427552B5200E288FA /* TextView.swift */; };
		A5B86A8727552B5200E288FA /* TextView.swift in Sources */ = {isa = PBXBuildFile; fileRef = A5B86A8427552B5200E288FA /* TextView.swift */; };
		A5B86A8827552B5200E288FA /* TextView.swift in Sources */ = {isa = PBXBuildFile; fileRef = A5B86A8427552B5200E288FA /* TextView.swift */; };
		A5B86A8A27552C4A00E288FA /* TextExportDocument.swift in Sources */ = {isa = PBXBuildFile; fileRef = A5B86A8927552C4A00E288FA /* TextExportDocument.swift */; };
		A5B86A8B27552C4A00E288FA /* TextExportDocument.swift in Sources */ = {isa = PBXBuildFile; fileRef = A5B86A8927552C4A00E288FA /* TextExportDocument.swift */; };
		A5B86A8C27552C4A00E288FA /* TextExportDocument.swift in Sources */ = {isa = PBXBuildFile; fileRef = A5B86A8927552C4A00E288FA /* TextExportDocument.swift */; };
		A5B86A8D27552C4A00E288FA /* TextExportDocument.swift in Sources */ = {isa = PBXBuildFile; fileRef = A5B86A8927552C4A00E288FA /* TextExportDocument.swift */; };
		A5B86A8F275531C200E288FA /* HermanSkillmanCalculator.swift in Sources */ = {isa = PBXBuildFile; fileRef = A5B86A8E275531C200E288FA /* HermanSkillmanCalculator.swift */; };
		A5B86A90275531C200E288FA /* HermanSkillmanCalculator.swift in Sources */ = {isa = PBXBuildFile; fileRef = A5B86A8E275531C200E288FA /* HermanSkillmanCalculator.swift */; };
		A5B86A91275531C200E288FA /* HermanSkillmanCalculator.swift in Sources */ = {isa = PBXBuildFile; fileRef = A5B86A8E275531C200E288FA /* HermanSkillmanCalculator.swift */; };
		A5B86A92275531C200E288FA /* HermanSkillmanCalculator.swift in Sources */ = {isa = PBXBuildFile; fileRef = A5B86A8E275531C200E288FA /* HermanSkillmanCalculator.swift */; };
		D292F169275493660008A716 /* Tests_iOS.swift in Sources */ = {isa = PBXBuildFile; fileRef = D292F168275493660008A716 /* Tests_iOS.swift */; };
		D292F174275493660008A716 /* Tests_macOS.swift in Sources */ = {isa = PBXBuildFile; fileRef = D292F173275493660008A716 /* Tests_macOS.swift */; };
		D292F176275493660008A716 /* Atomic_Structure_Calculations__Non_Relativistic_App.swift in Sources */ = {isa = PBXBuildFile; fileRef = D292F14D275493650008A716 /* Atomic_Structure_Calculations__Non_Relativistic_App.swift */; };
		D292F177275493660008A716 /* Atomic_Structure_Calculations__Non_Relativistic_App.swift in Sources */ = {isa = PBXBuildFile; fileRef = D292F14D275493650008A716 /* Atomic_Structure_Calculations__Non_Relativistic_App.swift */; };
		D292F178275493660008A716 /* ContentView.swift in Sources */ = {isa = PBXBuildFile; fileRef = D292F14E275493650008A716 /* ContentView.swift */; };
		D292F179275493660008A716 /* ContentView.swift in Sources */ = {isa = PBXBuildFile; fileRef = D292F14E275493650008A716 /* ContentView.swift */; };
		D292F17A275493660008A716 /* Assets.xcassets in Resources */ = {isa = PBXBuildFile; fileRef = D292F14F275493660008A716 /* Assets.xcassets */; };
		D292F17B275493660008A716 /* Assets.xcassets in Resources */ = {isa = PBXBuildFile; fileRef = D292F14F275493660008A716 /* Assets.xcassets */; };
		D292F190275494000008A716 /* CorePlot in Frameworks */ = {isa = PBXBuildFile; productRef = D292F18F275494000008A716 /* CorePlot */; };
		D292F197275494190008A716 /* CorePlot in Frameworks */ = {isa = PBXBuildFile; productRef = D292F196275494190008A716 /* CorePlot */; };
		D292F199275494310008A716 /* CorePlot in Frameworks */ = {isa = PBXBuildFile; productRef = D292F198275494310008A716 /* CorePlot */; };
		D292F19B275494360008A716 /* CorePlot in Frameworks */ = {isa = PBXBuildFile; productRef = D292F19A275494360008A716 /* CorePlot */; };
		D292F19D2754953B0008A716 /* CorePlot.swift in Sources */ = {isa = PBXBuildFile; fileRef = D292F19C2754953B0008A716 /* CorePlot.swift */; };
		D292F19E2754953B0008A716 /* CorePlot.swift in Sources */ = {isa = PBXBuildFile; fileRef = D292F19C2754953B0008A716 /* CorePlot.swift */; };
		D292F19F2754953B0008A716 /* CorePlot.swift in Sources */ = {isa = PBXBuildFile; fileRef = D292F19C2754953B0008A716 /* CorePlot.swift */; };
		D292F1A02754953B0008A716 /* CorePlot.swift in Sources */ = {isa = PBXBuildFile; fileRef = D292F19C2754953B0008A716 /* CorePlot.swift */; };
		D292F1AA275495A10008A716 /* PlotDataClass.swift in Sources */ = {isa = PBXBuildFile; fileRef = D292F1A9275495A10008A716 /* PlotDataClass.swift */; };
		D292F1AB275495A10008A716 /* PlotDataClass.swift in Sources */ = {isa = PBXBuildFile; fileRef = D292F1A9275495A10008A716 /* PlotDataClass.swift */; };
		D292F1AC275495A10008A716 /* PlotDataClass.swift in Sources */ = {isa = PBXBuildFile; fileRef = D292F1A9275495A10008A716 /* PlotDataClass.swift */; };
		D292F1AD275495A10008A716 /* PlotDataClass.swift in Sources */ = {isa = PBXBuildFile; fileRef = D292F1A9275495A10008A716 /* PlotDataClass.swift */; };
		D292F1B3275496150008A716 /* ChangingPlotParameters.swift in Sources */ = {isa = PBXBuildFile; fileRef = D292F1B2275496150008A716 /* ChangingPlotParameters.swift */; };
		D292F1B4275496150008A716 /* ChangingPlotParameters.swift in Sources */ = {isa = PBXBuildFile; fileRef = D292F1B2275496150008A716 /* ChangingPlotParameters.swift */; };
		D292F1B5275496150008A716 /* ChangingPlotParameters.swift in Sources */ = {isa = PBXBuildFile; fileRef = D292F1B2275496150008A716 /* ChangingPlotParameters.swift */; };
		D292F1B6275496150008A716 /* ChangingPlotParameters.swift in Sources */ = {isa = PBXBuildFile; fileRef = D292F1B2275496150008A716 /* ChangingPlotParameters.swift */; };
		D292F1BC275496580008A716 /* CalculatePlotData.swift in Sources */ = {isa = PBXBuildFile; fileRef = D292F1BB275496580008A716 /* CalculatePlotData.swift */; };
		D292F1BD275496580008A716 /* CalculatePlotData.swift in Sources */ = {isa = PBXBuildFile; fileRef = D292F1BB275496580008A716 /* CalculatePlotData.swift */; };
		D292F1BE275496580008A716 /* CalculatePlotData.swift in Sources */ = {isa = PBXBuildFile; fileRef = D292F1BB275496580008A716 /* CalculatePlotData.swift */; };
		D292F1BF275496580008A716 /* CalculatePlotData.swift in Sources */ = {isa = PBXBuildFile; fileRef = D292F1BB275496580008A716 /* CalculatePlotData.swift */; };
/* End PBXBuildFile section */

/* Begin PBXContainerItemProxy section */
		D292F165275493660008A716 /* PBXContainerItemProxy */ = {
			isa = PBXContainerItemProxy;
			containerPortal = D292F148275493650008A716 /* Project object */;
			proxyType = 1;
			remoteGlobalIDString = D292F153275493660008A716;
			remoteInfo = "Atomic Structure Calculations (Non-Relativistic) (iOS)";
		};
		D292F170275493660008A716 /* PBXContainerItemProxy */ = {
			isa = PBXContainerItemProxy;
			containerPortal = D292F148275493650008A716 /* Project object */;
			proxyType = 1;
			remoteGlobalIDString = D292F15B275493660008A716;
			remoteInfo = "Atomic Structure Calculations (Non-Relativistic) (macOS)";
		};
/* End PBXContainerItemProxy section */

/* Begin PBXFileReference section */
		A5B86A5C2754987F00E288FA /* Mesh_Potential_Initialization.swift */ = {isa = PBXFileReference; fileEncoding = 4; lastKnownFileType = sourcecode.swift; path = Mesh_Potential_Initialization.swift; sourceTree = "<group>"; };
		A5B86A5D2754987F00E288FA /* Output_File.swift */ = {isa = PBXFileReference; fileEncoding = 4; lastKnownFileType = sourcecode.swift; path = Output_File.swift; sourceTree = "<group>"; };
		A5B86A5E2754987F00E288FA /* HFS_textbook_values.swift */ = {isa = PBXFileReference; fileEncoding = 4; lastKnownFileType = sourcecode.swift; path = HFS_textbook_values.swift; sourceTree = "<group>"; };
		A5B86A5F2754987F00E288FA /* Schroedinger_Eq_SubRoutine.swift */ = {isa = PBXFileReference; fileEncoding = 4; lastKnownFileType = sourcecode.swift; path = Schroedinger_Eq_SubRoutine.swift; sourceTree = "<group>"; };
		A5B86A602754987F00E288FA /* Functional_Functions.swift */ = {isa = PBXFileReference; fileEncoding = 4; lastKnownFileType = sourcecode.swift; path = Functional_Functions.swift; sourceTree = "<group>"; };
		A5B86A612754987F00E288FA /* WaveFunction_Values.swift */ = {isa = PBXFileReference; fileEncoding = 4; lastKnownFileType = sourcecode.swift; path = WaveFunction_Values.swift; sourceTree = "<group>"; };
		A5B86A622754987F00E288FA /* Input_File.swift */ = {isa = PBXFileReference; fileEncoding = 4; lastKnownFileType = sourcecode.swift; path = Input_File.swift; sourceTree = "<group>"; };
		A5B86A632754987F00E288FA /* Self_Consistent_Potentials.swift */ = {isa = PBXFileReference; fileEncoding = 4; lastKnownFileType = sourcecode.swift; path = Self_Consistent_Potentials.swift; sourceTree = "<group>"; };
		A5B86A8427552B5200E288FA /* TextView.swift */ = {isa = PBXFileReference; lastKnownFileType = sourcecode.swift; path = TextView.swift; sourceTree = "<group>"; };
		A5B86A8927552C4A00E288FA /* TextExportDocument.swift */ = {isa = PBXFileReference; lastKnownFileType = sourcecode.swift; path = TextExportDocument.swift; sourceTree = "<group>"; };
		A5B86A8E275531C200E288FA /* HermanSkillmanCalculator.swift */ = {isa = PBXFileReference; lastKnownFileType = sourcecode.swift; path = HermanSkillmanCalculator.swift; sourceTree = "<group>"; };
		D292F14D275493650008A716 /* Atomic_Structure_Calculations__Non_Relativistic_App.swift */ = {isa = PBXFileReference; lastKnownFileType = sourcecode.swift; path = Atomic_Structure_Calculations__Non_Relativistic_App.swift; sourceTree = "<group>"; };
		D292F14E275493650008A716 /* ContentView.swift */ = {isa = PBXFileReference; lastKnownFileType = sourcecode.swift; path = ContentView.swift; sourceTree = "<group>"; };
		D292F14F275493660008A716 /* Assets.xcassets */ = {isa = PBXFileReference; lastKnownFileType = folder.assetcatalog; path = Assets.xcassets; sourceTree = "<group>"; };
		D292F154275493660008A716 /* Atomic Structure Calculations (Non-Relativistic).app */ = {isa = PBXFileReference; explicitFileType = wrapper.application; includeInIndex = 0; path = "Atomic Structure Calculations (Non-Relativistic).app"; sourceTree = BUILT_PRODUCTS_DIR; };
		D292F157275493660008A716 /* Info.plist */ = {isa = PBXFileReference; lastKnownFileType = text.plist.xml; path = Info.plist; sourceTree = "<group>"; };
		D292F15C275493660008A716 /* Atomic Structure Calculations (Non-Relativistic).app */ = {isa = PBXFileReference; explicitFileType = wrapper.application; includeInIndex = 0; path = "Atomic Structure Calculations (Non-Relativistic).app"; sourceTree = BUILT_PRODUCTS_DIR; };
		D292F15E275493660008A716 /* Info.plist */ = {isa = PBXFileReference; lastKnownFileType = text.plist.xml; path = Info.plist; sourceTree = "<group>"; };
		D292F15F275493660008A716 /* macOS.entitlements */ = {isa = PBXFileReference; lastKnownFileType = text.plist.entitlements; path = macOS.entitlements; sourceTree = "<group>"; };
		D292F164275493660008A716 /* Tests iOS.xctest */ = {isa = PBXFileReference; explicitFileType = wrapper.cfbundle; includeInIndex = 0; path = "Tests iOS.xctest"; sourceTree = BUILT_PRODUCTS_DIR; };
		D292F168275493660008A716 /* Tests_iOS.swift */ = {isa = PBXFileReference; lastKnownFileType = sourcecode.swift; path = Tests_iOS.swift; sourceTree = "<group>"; };
		D292F16A275493660008A716 /* Info.plist */ = {isa = PBXFileReference; lastKnownFileType = text.plist.xml; path = Info.plist; sourceTree = "<group>"; };
		D292F16F275493660008A716 /* Tests macOS.xctest */ = {isa = PBXFileReference; explicitFileType = wrapper.cfbundle; includeInIndex = 0; path = "Tests macOS.xctest"; sourceTree = BUILT_PRODUCTS_DIR; };
		D292F173275493660008A716 /* Tests_macOS.swift */ = {isa = PBXFileReference; lastKnownFileType = sourcecode.swift; path = Tests_macOS.swift; sourceTree = "<group>"; };
		D292F175275493660008A716 /* Info.plist */ = {isa = PBXFileReference; lastKnownFileType = text.plist.xml; path = Info.plist; sourceTree = "<group>"; };
		D292F19C2754953B0008A716 /* CorePlot.swift */ = {isa = PBXFileReference; lastKnownFileType = sourcecode.swift; path = CorePlot.swift; sourceTree = "<group>"; };
		D292F1A9275495A10008A716 /* PlotDataClass.swift */ = {isa = PBXFileReference; lastKnownFileType = sourcecode.swift; path = PlotDataClass.swift; sourceTree = "<group>"; };
		D292F1B2275496150008A716 /* ChangingPlotParameters.swift */ = {isa = PBXFileReference; lastKnownFileType = sourcecode.swift; path = ChangingPlotParameters.swift; sourceTree = "<group>"; };
		D292F1BB275496580008A716 /* CalculatePlotData.swift */ = {isa = PBXFileReference; lastKnownFileType = sourcecode.swift; path = CalculatePlotData.swift; sourceTree = "<group>"; };
/* End PBXFileReference section */

/* Begin PBXFrameworksBuildPhase section */
		D292F151275493660008A716 /* Frameworks */ = {
			isa = PBXFrameworksBuildPhase;
			buildActionMask = 2147483647;
			files = (
				D292F197275494190008A716 /* CorePlot in Frameworks */,
			);
			runOnlyForDeploymentPostprocessing = 0;
		};
		D292F159275493660008A716 /* Frameworks */ = {
			isa = PBXFrameworksBuildPhase;
			buildActionMask = 2147483647;
			files = (
				D292F190275494000008A716 /* CorePlot in Frameworks */,
			);
			runOnlyForDeploymentPostprocessing = 0;
		};
		D292F161275493660008A716 /* Frameworks */ = {
			isa = PBXFrameworksBuildPhase;
			buildActionMask = 2147483647;
			files = (
				D292F199275494310008A716 /* CorePlot in Frameworks */,
			);
			runOnlyForDeploymentPostprocessing = 0;
		};
		D292F16C275493660008A716 /* Frameworks */ = {
			isa = PBXFrameworksBuildPhase;
			buildActionMask = 2147483647;
			files = (
				D292F19B275494360008A716 /* CorePlot in Frameworks */,
			);
			runOnlyForDeploymentPostprocessing = 0;
		};
/* End PBXFrameworksBuildPhase section */

/* Begin PBXGroup section */
		D292F147275493650008A716 = {
			isa = PBXGroup;
			children = (
				D292F14C275493650008A716 /* Shared */,
				D292F156275493660008A716 /* iOS */,
				D292F15D275493660008A716 /* macOS */,
				D292F167275493660008A716 /* Tests iOS */,
				D292F172275493660008A716 /* Tests macOS */,
				D292F155275493660008A716 /* Products */,
				D292F195275494190008A716 /* Frameworks */,
			);
			sourceTree = "<group>";
		};
		D292F14C275493650008A716 /* Shared */ = {
			isa = PBXGroup;
			children = (
				A5B86A602754987F00E288FA /* Functional_Functions.swift */,
				A5B86A8927552C4A00E288FA /* TextExportDocument.swift */,
				A5B86A5E2754987F00E288FA /* HFS_textbook_values.swift */,
				A5B86A622754987F00E288FA /* Input_File.swift */,
				A5B86A5C2754987F00E288FA /* Mesh_Potential_Initialization.swift */,
				A5B86A5D2754987F00E288FA /* Output_File.swift */,
				A5B86A5F2754987F00E288FA /* Schroedinger_Eq_SubRoutine.swift */,
				A5B86A632754987F00E288FA /* Self_Consistent_Potentials.swift */,
				A5B86A612754987F00E288FA /* WaveFunction_Values.swift */,
				D292F14D275493650008A716 /* Atomic_Structure_Calculations__Non_Relativistic_App.swift */,
				A5B86A8427552B5200E288FA /* TextView.swift */,
				D292F14E275493650008A716 /* ContentView.swift */,
				D292F1A9275495A10008A716 /* PlotDataClass.swift */,
				D292F19C2754953B0008A716 /* CorePlot.swift */,
				D292F1B2275496150008A716 /* ChangingPlotParameters.swift */,
				D292F1BB275496580008A716 /* CalculatePlotData.swift */,
				A5B86A8E275531C200E288FA /* HermanSkillmanCalculator.swift */,
				D292F14F275493660008A716 /* Assets.xcassets */,
			);
			path = Shared;
			sourceTree = "<group>";
		};
		D292F155275493660008A716 /* Products */ = {
			isa = PBXGroup;
			children = (
				D292F154275493660008A716 /* Atomic Structure Calculations (Non-Relativistic).app */,
				D292F15C275493660008A716 /* Atomic Structure Calculations (Non-Relativistic).app */,
				D292F164275493660008A716 /* Tests iOS.xctest */,
				D292F16F275493660008A716 /* Tests macOS.xctest */,
			);
			name = Products;
			sourceTree = "<group>";
		};
		D292F156275493660008A716 /* iOS */ = {
			isa = PBXGroup;
			children = (
				D292F157275493660008A716 /* Info.plist */,
			);
			path = iOS;
			sourceTree = "<group>";
		};
		D292F15D275493660008A716 /* macOS */ = {
			isa = PBXGroup;
			children = (
				D292F15E275493660008A716 /* Info.plist */,
				D292F15F275493660008A716 /* macOS.entitlements */,
			);
			path = macOS;
			sourceTree = "<group>";
		};
		D292F167275493660008A716 /* Tests iOS */ = {
			isa = PBXGroup;
			children = (
				D292F168275493660008A716 /* Tests_iOS.swift */,
				D292F16A275493660008A716 /* Info.plist */,
			);
			path = "Tests iOS";
			sourceTree = "<group>";
		};
		D292F172275493660008A716 /* Tests macOS */ = {
			isa = PBXGroup;
			children = (
				D292F173275493660008A716 /* Tests_macOS.swift */,
				D292F175275493660008A716 /* Info.plist */,
			);
			path = "Tests macOS";
			sourceTree = "<group>";
		};
		D292F195275494190008A716 /* Frameworks */ = {
			isa = PBXGroup;
			children = (
			);
			name = Frameworks;
			sourceTree = "<group>";
		};
/* End PBXGroup section */

/* Begin PBXNativeTarget section */
		D292F153275493660008A716 /* Atomic Structure Calculations (Non-Relativistic) (iOS) */ = {
			isa = PBXNativeTarget;
			buildConfigurationList = D292F17E275493660008A716 /* Build configuration list for PBXNativeTarget "Atomic Structure Calculations (Non-Relativistic) (iOS)" */;
			buildPhases = (
				D292F150275493660008A716 /* Sources */,
				D292F151275493660008A716 /* Frameworks */,
				D292F152275493660008A716 /* Resources */,
			);
			buildRules = (
			);
			dependencies = (
			);
			name = "Atomic Structure Calculations (Non-Relativistic) (iOS)";
			packageProductDependencies = (
				D292F196275494190008A716 /* CorePlot */,
			);
			productName = "Atomic Structure Calculations (Non-Relativistic) (iOS)";
			productReference = D292F154275493660008A716 /* Atomic Structure Calculations (Non-Relativistic).app */;
			productType = "com.apple.product-type.application";
		};
		D292F15B275493660008A716 /* Atomic Structure Calculations (Non-Relativistic) (macOS) */ = {
			isa = PBXNativeTarget;
			buildConfigurationList = D292F181275493660008A716 /* Build configuration list for PBXNativeTarget "Atomic Structure Calculations (Non-Relativistic) (macOS)" */;
			buildPhases = (
				D292F158275493660008A716 /* Sources */,
				D292F159275493660008A716 /* Frameworks */,
				D292F15A275493660008A716 /* Resources */,
			);
			buildRules = (
			);
			dependencies = (
			);
			name = "Atomic Structure Calculations (Non-Relativistic) (macOS)";
			packageProductDependencies = (
				D292F18F275494000008A716 /* CorePlot */,
			);
			productName = "Atomic Structure Calculations (Non-Relativistic) (macOS)";
			productReference = D292F15C275493660008A716 /* Atomic Structure Calculations (Non-Relativistic).app */;
			productType = "com.apple.product-type.application";
		};
		D292F163275493660008A716 /* Tests iOS */ = {
			isa = PBXNativeTarget;
			buildConfigurationList = D292F184275493660008A716 /* Build configuration list for PBXNativeTarget "Tests iOS" */;
			buildPhases = (
				D292F160275493660008A716 /* Sources */,
				D292F161275493660008A716 /* Frameworks */,
				D292F162275493660008A716 /* Resources */,
			);
			buildRules = (
			);
			dependencies = (
				D292F166275493660008A716 /* PBXTargetDependency */,
			);
			name = "Tests iOS";
			packageProductDependencies = (
				D292F198275494310008A716 /* CorePlot */,
			);
			productName = "Tests iOS";
			productReference = D292F164275493660008A716 /* Tests iOS.xctest */;
			productType = "com.apple.product-type.bundle.ui-testing";
		};
		D292F16E275493660008A716 /* Tests macOS */ = {
			isa = PBXNativeTarget;
			buildConfigurationList = D292F187275493660008A716 /* Build configuration list for PBXNativeTarget "Tests macOS" */;
			buildPhases = (
				D292F16B275493660008A716 /* Sources */,
				D292F16C275493660008A716 /* Frameworks */,
				D292F16D275493660008A716 /* Resources */,
			);
			buildRules = (
			);
			dependencies = (
				D292F171275493660008A716 /* PBXTargetDependency */,
			);
			name = "Tests macOS";
			packageProductDependencies = (
				D292F19A275494360008A716 /* CorePlot */,
			);
			productName = "Tests macOS";
			productReference = D292F16F275493660008A716 /* Tests macOS.xctest */;
			productType = "com.apple.product-type.bundle.ui-testing";
		};
/* End PBXNativeTarget section */

/* Begin PBXProject section */
		D292F148275493650008A716 /* Project object */ = {
			isa = PBXProject;
			attributes = {
				LastSwiftUpdateCheck = 1240;
				LastUpgradeCheck = 1240;
				TargetAttributes = {
					D292F153275493660008A716 = {
						CreatedOnToolsVersion = 12.4;
					};
					D292F15B275493660008A716 = {
						CreatedOnToolsVersion = 12.4;
					};
					D292F163275493660008A716 = {
						CreatedOnToolsVersion = 12.4;
						TestTargetID = D292F153275493660008A716;
					};
					D292F16E275493660008A716 = {
						CreatedOnToolsVersion = 12.4;
						TestTargetID = D292F15B275493660008A716;
					};
				};
			};
			buildConfigurationList = D292F14B275493650008A716 /* Build configuration list for PBXProject "Atomic Structure Calculations (Non-Relativistic)" */;
			compatibilityVersion = "Xcode 9.3";
			developmentRegion = en;
			hasScannedForEncodings = 0;
			knownRegions = (
				en,
				Base,
			);
			mainGroup = D292F147275493650008A716;
			packageReferences = (
				D292F18E275494000008A716 /* XCRemoteSwiftPackageReference "core-plot" */,
			);
			productRefGroup = D292F155275493660008A716 /* Products */;
			projectDirPath = "";
			projectRoot = "";
			targets = (
				D292F153275493660008A716 /* Atomic Structure Calculations (Non-Relativistic) (iOS) */,
				D292F15B275493660008A716 /* Atomic Structure Calculations (Non-Relativistic) (macOS) */,
				D292F163275493660008A716 /* Tests iOS */,
				D292F16E275493660008A716 /* Tests macOS */,
			);
		};
/* End PBXProject section */

/* Begin PBXResourcesBuildPhase section */
		D292F152275493660008A716 /* Resources */ = {
			isa = PBXResourcesBuildPhase;
			buildActionMask = 2147483647;
			files = (
				D292F17A275493660008A716 /* Assets.xcassets in Resources */,
			);
			runOnlyForDeploymentPostprocessing = 0;
		};
		D292F15A275493660008A716 /* Resources */ = {
			isa = PBXResourcesBuildPhase;
			buildActionMask = 2147483647;
			files = (
				D292F17B275493660008A716 /* Assets.xcassets in Resources */,
			);
			runOnlyForDeploymentPostprocessing = 0;
		};
		D292F162275493660008A716 /* Resources */ = {
			isa = PBXResourcesBuildPhase;
			buildActionMask = 2147483647;
			files = (
			);
			runOnlyForDeploymentPostprocessing = 0;
		};
		D292F16D275493660008A716 /* Resources */ = {
			isa = PBXResourcesBuildPhase;
			buildActionMask = 2147483647;
			files = (
			);
			runOnlyForDeploymentPostprocessing = 0;
		};
/* End PBXResourcesBuildPhase section */

/* Begin PBXSourcesBuildPhase section */
		D292F150275493660008A716 /* Sources */ = {
			isa = PBXSourcesBuildPhase;
			buildActionMask = 2147483647;
			files = (
				D292F19D2754953B0008A716 /* CorePlot.swift in Sources */,
				A5B86A7C2754987F00E288FA /* Input_File.swift in Sources */,
				A5B86A802754987F00E288FA /* Self_Consistent_Potentials.swift in Sources */,
				D292F1BC275496580008A716 /* CalculatePlotData.swift in Sources */,
				D292F1AA275495A10008A716 /* PlotDataClass.swift in Sources */,
				A5B86A6C2754987F00E288FA /* HFS_textbook_values.swift in Sources */,
				A5B86A782754987F00E288FA /* WaveFunction_Values.swift in Sources */,
				A5B86A742754987F00E288FA /* Functional_Functions.swift in Sources */,
				D292F1B3275496150008A716 /* ChangingPlotParameters.swift in Sources */,
				A5B86A8A27552C4A00E288FA /* TextExportDocument.swift in Sources */,
				A5B86A8527552B5200E288FA /* TextView.swift in Sources */,
				A5B86A682754987F00E288FA /* Output_File.swift in Sources */,
				A5B86A8F275531C200E288FA /* HermanSkillmanCalculator.swift in Sources */,
				A5B86A702754987F00E288FA /* Schroedinger_Eq_SubRoutine.swift in Sources */,
				D292F178275493660008A716 /* ContentView.swift in Sources */,
				A5B86A642754987F00E288FA /* Mesh_Potential_Initialization.swift in Sources */,
				D292F176275493660008A716 /* Atomic_Structure_Calculations__Non_Relativistic_App.swift in Sources */,
			);
			runOnlyForDeploymentPostprocessing = 0;
		};
		D292F158275493660008A716 /* Sources */ = {
			isa = PBXSourcesBuildPhase;
			buildActionMask = 2147483647;
			files = (
				D292F19E2754953B0008A716 /* CorePlot.swift in Sources */,
				A5B86A7D2754987F00E288FA /* Input_File.swift in Sources */,
				A5B86A812754987F00E288FA /* Self_Consistent_Potentials.swift in Sources */,
				D292F1BD275496580008A716 /* CalculatePlotData.swift in Sources */,
				D292F1AB275495A10008A716 /* PlotDataClass.swift in Sources */,
				A5B86A6D2754987F00E288FA /* HFS_textbook_values.swift in Sources */,
				A5B86A792754987F00E288FA /* WaveFunction_Values.swift in Sources */,
				A5B86A752754987F00E288FA /* Functional_Functions.swift in Sources */,
				D292F1B4275496150008A716 /* ChangingPlotParameters.swift in Sources */,
				A5B86A8B27552C4A00E288FA /* TextExportDocument.swift in Sources */,
				A5B86A8627552B5200E288FA /* TextView.swift in Sources */,
				A5B86A692754987F00E288FA /* Output_File.swift in Sources */,
				A5B86A90275531C200E288FA /* HermanSkillmanCalculator.swift in Sources */,
				A5B86A712754987F00E288FA /* Schroedinger_Eq_SubRoutine.swift in Sources */,
				D292F179275493660008A716 /* ContentView.swift in Sources */,
				A5B86A652754987F00E288FA /* Mesh_Potential_Initialization.swift in Sources */,
				D292F177275493660008A716 /* Atomic_Structure_Calculations__Non_Relativistic_App.swift in Sources */,
			);
			runOnlyForDeploymentPostprocessing = 0;
		};
		D292F160275493660008A716 /* Sources */ = {
			isa = PBXSourcesBuildPhase;
			buildActionMask = 2147483647;
			files = (
				A5B86A762754987F00E288FA /* Functional_Functions.swift in Sources */,
				D292F169275493660008A716 /* Tests_iOS.swift in Sources */,
				A5B86A7E2754987F00E288FA /* Input_File.swift in Sources */,
				A5B86A8727552B5200E288FA /* TextView.swift in Sources */,
				D292F1B5275496150008A716 /* ChangingPlotParameters.swift in Sources */,
				A5B86A722754987F00E288FA /* Schroedinger_Eq_SubRoutine.swift in Sources */,
				A5B86A7A2754987F00E288FA /* WaveFunction_Values.swift in Sources */,
				D292F1AC275495A10008A716 /* PlotDataClass.swift in Sources */,
				A5B86A6E2754987F00E288FA /* HFS_textbook_values.swift in Sources */,
				A5B86A91275531C200E288FA /* HermanSkillmanCalculator.swift in Sources */,
				A5B86A8C27552C4A00E288FA /* TextExportDocument.swift in Sources */,
				A5B86A662754987F00E288FA /* Mesh_Potential_Initialization.swift in Sources */,
				D292F1BE275496580008A716 /* CalculatePlotData.swift in Sources */,
				D292F19F2754953B0008A716 /* CorePlot.swift in Sources */,
				A5B86A6A2754987F00E288FA /* Output_File.swift in Sources */,
				A5B86A822754987F00E288FA /* Self_Consistent_Potentials.swift in Sources */,
			);
			runOnlyForDeploymentPostprocessing = 0;
		};
		D292F16B275493660008A716 /* Sources */ = {
			isa = PBXSourcesBuildPhase;
			buildActionMask = 2147483647;
			files = (
				A5B86A772754987F00E288FA /* Functional_Functions.swift in Sources */,
				D292F174275493660008A716 /* Tests_macOS.swift in Sources */,
				A5B86A7F2754987F00E288FA /* Input_File.swift in Sources */,
				A5B86A8827552B5200E288FA /* TextView.swift in Sources */,
				D292F1B6275496150008A716 /* ChangingPlotParameters.swift in Sources */,
				A5B86A732754987F00E288FA /* Schroedinger_Eq_SubRoutine.swift in Sources */,
				A5B86A7B2754987F00E288FA /* WaveFunction_Values.swift in Sources */,
				D292F1AD275495A10008A716 /* PlotDataClass.swift in Sources */,
				A5B86A6F2754987F00E288FA /* HFS_textbook_values.swift in Sources */,
				A5B86A92275531C200E288FA /* HermanSkillmanCalculator.swift in Sources */,
				A5B86A8D27552C4A00E288FA /* TextExportDocument.swift in Sources */,
				A5B86A672754987F00E288FA /* Mesh_Potential_Initialization.swift in Sources */,
				D292F1BF275496580008A716 /* CalculatePlotData.swift in Sources */,
				D292F1A02754953B0008A716 /* CorePlot.swift in Sources */,
				A5B86A6B2754987F00E288FA /* Output_File.swift in Sources */,
				A5B86A832754987F00E288FA /* Self_Consistent_Potentials.swift in Sources */,
			);
			runOnlyForDeploymentPostprocessing = 0;
		};
/* End PBXSourcesBuildPhase section */

/* Begin PBXTargetDependency section */
		D292F166275493660008A716 /* PBXTargetDependency */ = {
			isa = PBXTargetDependency;
			target = D292F153275493660008A716 /* Atomic Structure Calculations (Non-Relativistic) (iOS) */;
			targetProxy = D292F165275493660008A716 /* PBXContainerItemProxy */;
		};
		D292F171275493660008A716 /* PBXTargetDependency */ = {
			isa = PBXTargetDependency;
			target = D292F15B275493660008A716 /* Atomic Structure Calculations (Non-Relativistic) (macOS) */;
			targetProxy = D292F170275493660008A716 /* PBXContainerItemProxy */;
		};
/* End PBXTargetDependency section */

/* Begin XCBuildConfiguration section */
		D292F17C275493660008A716 /* Debug */ = {
			isa = XCBuildConfiguration;
			buildSettings = {
				ALWAYS_SEARCH_USER_PATHS = NO;
				CLANG_ANALYZER_NONNULL = YES;
				CLANG_ANALYZER_NUMBER_OBJECT_CONVERSION = YES_AGGRESSIVE;
				CLANG_CXX_LANGUAGE_STANDARD = "gnu++14";
				CLANG_CXX_LIBRARY = "libc++";
				CLANG_ENABLE_MODULES = YES;
				CLANG_ENABLE_OBJC_ARC = YES;
				CLANG_ENABLE_OBJC_WEAK = YES;
				CLANG_WARN_BLOCK_CAPTURE_AUTORELEASING = YES;
				CLANG_WARN_BOOL_CONVERSION = YES;
				CLANG_WARN_COMMA = YES;
				CLANG_WARN_CONSTANT_CONVERSION = YES;
				CLANG_WARN_DEPRECATED_OBJC_IMPLEMENTATIONS = YES;
				CLANG_WARN_DIRECT_OBJC_ISA_USAGE = YES_ERROR;
				CLANG_WARN_DOCUMENTATION_COMMENTS = YES;
				CLANG_WARN_EMPTY_BODY = YES;
				CLANG_WARN_ENUM_CONVERSION = YES;
				CLANG_WARN_INFINITE_RECURSION = YES;
				CLANG_WARN_INT_CONVERSION = YES;
				CLANG_WARN_NON_LITERAL_NULL_CONVERSION = YES;
				CLANG_WARN_OBJC_IMPLICIT_RETAIN_SELF = YES;
				CLANG_WARN_OBJC_LITERAL_CONVERSION = YES;
				CLANG_WARN_OBJC_ROOT_CLASS = YES_ERROR;
				CLANG_WARN_QUOTED_INCLUDE_IN_FRAMEWORK_HEADER = YES;
				CLANG_WARN_RANGE_LOOP_ANALYSIS = YES;
				CLANG_WARN_STRICT_PROTOTYPES = YES;
				CLANG_WARN_SUSPICIOUS_MOVE = YES;
				CLANG_WARN_UNGUARDED_AVAILABILITY = YES_AGGRESSIVE;
				CLANG_WARN_UNREACHABLE_CODE = YES;
				CLANG_WARN__DUPLICATE_METHOD_MATCH = YES;
				COPY_PHASE_STRIP = NO;
				DEBUG_INFORMATION_FORMAT = dwarf;
				ENABLE_STRICT_OBJC_MSGSEND = YES;
				ENABLE_TESTABILITY = YES;
				GCC_C_LANGUAGE_STANDARD = gnu11;
				GCC_DYNAMIC_NO_PIC = NO;
				GCC_NO_COMMON_BLOCKS = YES;
				GCC_OPTIMIZATION_LEVEL = 0;
				GCC_PREPROCESSOR_DEFINITIONS = (
					"DEBUG=1",
					"$(inherited)",
				);
				GCC_WARN_64_TO_32_BIT_CONVERSION = YES;
				GCC_WARN_ABOUT_RETURN_TYPE = YES_ERROR;
				GCC_WARN_UNDECLARED_SELECTOR = YES;
				GCC_WARN_UNINITIALIZED_AUTOS = YES_AGGRESSIVE;
				GCC_WARN_UNUSED_FUNCTION = YES;
				GCC_WARN_UNUSED_VARIABLE = YES;
				MTL_ENABLE_DEBUG_INFO = INCLUDE_SOURCE;
				MTL_FAST_MATH = YES;
				ONLY_ACTIVE_ARCH = YES;
				SWIFT_ACTIVE_COMPILATION_CONDITIONS = DEBUG;
				SWIFT_OPTIMIZATION_LEVEL = "-Onone";
			};
			name = Debug;
		};
		D292F17D275493660008A716 /* Release */ = {
			isa = XCBuildConfiguration;
			buildSettings = {
				ALWAYS_SEARCH_USER_PATHS = NO;
				CLANG_ANALYZER_NONNULL = YES;
				CLANG_ANALYZER_NUMBER_OBJECT_CONVERSION = YES_AGGRESSIVE;
				CLANG_CXX_LANGUAGE_STANDARD = "gnu++14";
				CLANG_CXX_LIBRARY = "libc++";
				CLANG_ENABLE_MODULES = YES;
				CLANG_ENABLE_OBJC_ARC = YES;
				CLANG_ENABLE_OBJC_WEAK = YES;
				CLANG_WARN_BLOCK_CAPTURE_AUTORELEASING = YES;
				CLANG_WARN_BOOL_CONVERSION = YES;
				CLANG_WARN_COMMA = YES;
				CLANG_WARN_CONSTANT_CONVERSION = YES;
				CLANG_WARN_DEPRECATED_OBJC_IMPLEMENTATIONS = YES;
				CLANG_WARN_DIRECT_OBJC_ISA_USAGE = YES_ERROR;
				CLANG_WARN_DOCUMENTATION_COMMENTS = YES;
				CLANG_WARN_EMPTY_BODY = YES;
				CLANG_WARN_ENUM_CONVERSION = YES;
				CLANG_WARN_INFINITE_RECURSION = YES;
				CLANG_WARN_INT_CONVERSION = YES;
				CLANG_WARN_NON_LITERAL_NULL_CONVERSION = YES;
				CLANG_WARN_OBJC_IMPLICIT_RETAIN_SELF = YES;
				CLANG_WARN_OBJC_LITERAL_CONVERSION = YES;
				CLANG_WARN_OBJC_ROOT_CLASS = YES_ERROR;
				CLANG_WARN_QUOTED_INCLUDE_IN_FRAMEWORK_HEADER = YES;
				CLANG_WARN_RANGE_LOOP_ANALYSIS = YES;
				CLANG_WARN_STRICT_PROTOTYPES = YES;
				CLANG_WARN_SUSPICIOUS_MOVE = YES;
				CLANG_WARN_UNGUARDED_AVAILABILITY = YES_AGGRESSIVE;
				CLANG_WARN_UNREACHABLE_CODE = YES;
				CLANG_WARN__DUPLICATE_METHOD_MATCH = YES;
				COPY_PHASE_STRIP = NO;
				DEBUG_INFORMATION_FORMAT = "dwarf-with-dsym";
				ENABLE_NS_ASSERTIONS = NO;
				ENABLE_STRICT_OBJC_MSGSEND = YES;
				GCC_C_LANGUAGE_STANDARD = gnu11;
				GCC_NO_COMMON_BLOCKS = YES;
				GCC_WARN_64_TO_32_BIT_CONVERSION = YES;
				GCC_WARN_ABOUT_RETURN_TYPE = YES_ERROR;
				GCC_WARN_UNDECLARED_SELECTOR = YES;
				GCC_WARN_UNINITIALIZED_AUTOS = YES_AGGRESSIVE;
				GCC_WARN_UNUSED_FUNCTION = YES;
				GCC_WARN_UNUSED_VARIABLE = YES;
				MTL_ENABLE_DEBUG_INFO = NO;
				MTL_FAST_MATH = YES;
				SWIFT_COMPILATION_MODE = wholemodule;
				SWIFT_OPTIMIZATION_LEVEL = "-O";
			};
			name = Release;
		};
		D292F17F275493660008A716 /* Debug */ = {
			isa = XCBuildConfiguration;
			buildSettings = {
				ASSETCATALOG_COMPILER_APPICON_NAME = AppIcon;
				ASSETCATALOG_COMPILER_GLOBAL_ACCENT_COLOR_NAME = AccentColor;
				CODE_SIGN_STYLE = Automatic;
				DEVELOPMENT_TEAM = V59RVGUYZD;
				ENABLE_PREVIEWS = YES;
				INFOPLIST_FILE = iOS/Info.plist;
				IPHONEOS_DEPLOYMENT_TARGET = 14.0;
				LD_RUNPATH_SEARCH_PATHS = (
					"$(inherited)",
					"@executable_path/Frameworks",
				);
				PRODUCT_BUNDLE_IDENTIFIER = "com.jiIIT.Atomic-Structure-Calculations--Non-Relativistic-";
				PRODUCT_NAME = "Atomic Structure Calculations (Non-Relativistic)";
				SDKROOT = iphoneos;
				SWIFT_VERSION = 5.0;
				TARGETED_DEVICE_FAMILY = "1,2";
			};
			name = Debug;
		};
		D292F180275493660008A716 /* Release */ = {
			isa = XCBuildConfiguration;
			buildSettings = {
				ASSETCATALOG_COMPILER_APPICON_NAME = AppIcon;
				ASSETCATALOG_COMPILER_GLOBAL_ACCENT_COLOR_NAME = AccentColor;
				CODE_SIGN_STYLE = Automatic;
				DEVELOPMENT_TEAM = V59RVGUYZD;
				ENABLE_PREVIEWS = YES;
				INFOPLIST_FILE = iOS/Info.plist;
				IPHONEOS_DEPLOYMENT_TARGET = 14.0;
				LD_RUNPATH_SEARCH_PATHS = (
					"$(inherited)",
					"@executable_path/Frameworks",
				);
				PRODUCT_BUNDLE_IDENTIFIER = "com.jiIIT.Atomic-Structure-Calculations--Non-Relativistic-";
				PRODUCT_NAME = "Atomic Structure Calculations (Non-Relativistic)";
				SDKROOT = iphoneos;
				SWIFT_VERSION = 5.0;
				TARGETED_DEVICE_FAMILY = "1,2";
				VALIDATE_PRODUCT = YES;
			};
			name = Release;
		};
		D292F182275493660008A716 /* Debug */ = {
			isa = XCBuildConfiguration;
			buildSettings = {
				ASSETCATALOG_COMPILER_APPICON_NAME = AppIcon;
				ASSETCATALOG_COMPILER_GLOBAL_ACCENT_COLOR_NAME = AccentColor;
				CODE_SIGN_ENTITLEMENTS = macOS/macOS.entitlements;
				CODE_SIGN_STYLE = Automatic;
				COMBINE_HIDPI_IMAGES = YES;
				DEVELOPMENT_TEAM = V59RVGUYZD;
				ENABLE_HARDENED_RUNTIME = YES;
				ENABLE_PREVIEWS = YES;
				INFOPLIST_FILE = macOS/Info.plist;
				LD_RUNPATH_SEARCH_PATHS = (
					"$(inherited)",
					"@executable_path/../Frameworks",
				);
				MACOSX_DEPLOYMENT_TARGET = 11.0;
				PRODUCT_BUNDLE_IDENTIFIER = "com.jiIIT.Atomic-Structure-Calculations--Non-Relativistic-";
				PRODUCT_NAME = "Atomic Structure Calculations (Non-Relativistic)";
				SDKROOT = macosx;
				SWIFT_VERSION = 5.0;
			};
			name = Debug;
		};
		D292F183275493660008A716 /* Release */ = {
			isa = XCBuildConfiguration;
			buildSettings = {
				ASSETCATALOG_COMPILER_APPICON_NAME = AppIcon;
				ASSETCATALOG_COMPILER_GLOBAL_ACCENT_COLOR_NAME = AccentColor;
				CODE_SIGN_ENTITLEMENTS = macOS/macOS.entitlements;
				CODE_SIGN_STYLE = Automatic;
				COMBINE_HIDPI_IMAGES = YES;
				DEVELOPMENT_TEAM = V59RVGUYZD;
				ENABLE_HARDENED_RUNTIME = YES;
				ENABLE_PREVIEWS = YES;
				INFOPLIST_FILE = macOS/Info.plist;
				LD_RUNPATH_SEARCH_PATHS = (
					"$(inherited)",
					"@executable_path/../Frameworks",
				);
				MACOSX_DEPLOYMENT_TARGET = 11.0;
				PRODUCT_BUNDLE_IDENTIFIER = "com.jiIIT.Atomic-Structure-Calculations--Non-Relativistic-";
				PRODUCT_NAME = "Atomic Structure Calculations (Non-Relativistic)";
				SDKROOT = macosx;
				SWIFT_VERSION = 5.0;
			};
			name = Release;
		};
		D292F185275493660008A716 /* Debug */ = {
			isa = XCBuildConfiguration;
			buildSettings = {
				ALWAYS_EMBED_SWIFT_STANDARD_LIBRARIES = YES;
				CODE_SIGN_STYLE = Automatic;
				DEVELOPMENT_TEAM = V59RVGUYZD;
				INFOPLIST_FILE = "Tests iOS/Info.plist";
				IPHONEOS_DEPLOYMENT_TARGET = 14.4;
				LD_RUNPATH_SEARCH_PATHS = (
					"$(inherited)",
					"@executable_path/Frameworks",
					"@loader_path/Frameworks",
				);
				PRODUCT_BUNDLE_IDENTIFIER = "com.jiIIT.Tests-iOS";
				PRODUCT_NAME = "$(TARGET_NAME)";
				SDKROOT = iphoneos;
				SWIFT_VERSION = 5.0;
				TARGETED_DEVICE_FAMILY = "1,2";
				TEST_TARGET_NAME = "Atomic Structure Calculations (Non-Relativistic) (iOS)";
			};
			name = Debug;
		};
		D292F186275493660008A716 /* Release */ = {
			isa = XCBuildConfiguration;
			buildSettings = {
				ALWAYS_EMBED_SWIFT_STANDARD_LIBRARIES = YES;
				CODE_SIGN_STYLE = Automatic;
				DEVELOPMENT_TEAM = V59RVGUYZD;
				INFOPLIST_FILE = "Tests iOS/Info.plist";
				IPHONEOS_DEPLOYMENT_TARGET = 14.4;
				LD_RUNPATH_SEARCH_PATHS = (
					"$(inherited)",
					"@executable_path/Frameworks",
					"@loader_path/Frameworks",
				);
				PRODUCT_BUNDLE_IDENTIFIER = "com.jiIIT.Tests-iOS";
				PRODUCT_NAME = "$(TARGET_NAME)";
				SDKROOT = iphoneos;
				SWIFT_VERSION = 5.0;
				TARGETED_DEVICE_FAMILY = "1,2";
				TEST_TARGET_NAME = "Atomic Structure Calculations (Non-Relativistic) (iOS)";
				VALIDATE_PRODUCT = YES;
			};
			name = Release;
		};
		D292F188275493660008A716 /* Debug */ = {
			isa = XCBuildConfiguration;
			buildSettings = {
				ALWAYS_EMBED_SWIFT_STANDARD_LIBRARIES = YES;
				CODE_SIGN_STYLE = Automatic;
				COMBINE_HIDPI_IMAGES = YES;
				DEVELOPMENT_TEAM = V59RVGUYZD;
				INFOPLIST_FILE = "Tests macOS/Info.plist";
				LD_RUNPATH_SEARCH_PATHS = (
					"$(inherited)",
					"@executable_path/../Frameworks",
					"@loader_path/../Frameworks",
				);
				MACOSX_DEPLOYMENT_TARGET = 11.1;
				PRODUCT_BUNDLE_IDENTIFIER = "com.jiIIT.Tests-macOS";
				PRODUCT_NAME = "$(TARGET_NAME)";
				SDKROOT = macosx;
				SWIFT_VERSION = 5.0;
				TEST_TARGET_NAME = "Atomic Structure Calculations (Non-Relativistic) (macOS)";
			};
			name = Debug;
		};
		D292F189275493660008A716 /* Release */ = {
			isa = XCBuildConfiguration;
			buildSettings = {
				ALWAYS_EMBED_SWIFT_STANDARD_LIBRARIES = YES;
				CODE_SIGN_STYLE = Automatic;
				COMBINE_HIDPI_IMAGES = YES;
				DEVELOPMENT_TEAM = V59RVGUYZD;
				INFOPLIST_FILE = "Tests macOS/Info.plist";
				LD_RUNPATH_SEARCH_PATHS = (
					"$(inherited)",
					"@executable_path/../Frameworks",
					"@loader_path/../Frameworks",
				);
				MACOSX_DEPLOYMENT_TARGET = 11.1;
				PRODUCT_BUNDLE_IDENTIFIER = "com.jiIIT.Tests-macOS";
				PRODUCT_NAME = "$(TARGET_NAME)";
				SDKROOT = macosx;
				SWIFT_VERSION = 5.0;
				TEST_TARGET_NAME = "Atomic Structure Calculations (Non-Relativistic) (macOS)";
			};
			name = Release;
		};
/* End XCBuildConfiguration section */

/* Begin XCConfigurationList section */
		D292F14B275493650008A716 /* Build configuration list for PBXProject "Atomic Structure Calculations (Non-Relativistic)" */ = {
			isa = XCConfigurationList;
			buildConfigurations = (
				D292F17C275493660008A716 /* Debug */,
				D292F17D275493660008A716 /* Release */,
			);
			defaultConfigurationIsVisible = 0;
			defaultConfigurationName = Release;
		};
		D292F17E275493660008A716 /* Build configuration list for PBXNativeTarget "Atomic Structure Calculations (Non-Relativistic) (iOS)" */ = {
			isa = XCConfigurationList;
			buildConfigurations = (
				D292F17F275493660008A716 /* Debug */,
				D292F180275493660008A716 /* Release */,
			);
			defaultConfigurationIsVisible = 0;
			defaultConfigurationName = Release;
		};
		D292F181275493660008A716 /* Build configuration list for PBXNativeTarget "Atomic Structure Calculations (Non-Relativistic) (macOS)" */ = {
			isa = XCConfigurationList;
			buildConfigurations = (
				D292F182275493660008A716 /* Debug */,
				D292F183275493660008A716 /* Release */,
			);
			defaultConfigurationIsVisible = 0;
			defaultConfigurationName = Release;
		};
		D292F184275493660008A716 /* Build configuration list for PBXNativeTarget "Tests iOS" */ = {
			isa = XCConfigurationList;
			buildConfigurations = (
				D292F185275493660008A716 /* Debug */,
				D292F186275493660008A716 /* Release */,
			);
			defaultConfigurationIsVisible = 0;
			defaultConfigurationName = Release;
		};
		D292F187275493660008A716 /* Build configuration list for PBXNativeTarget "Tests macOS" */ = {
			isa = XCConfigurationList;
			buildConfigurations = (
				D292F188275493660008A716 /* Debug */,
				D292F189275493660008A716 /* Release */,
			);
			defaultConfigurationIsVisible = 0;
			defaultConfigurationName = Release;
		};
/* End XCConfigurationList section */

/* Begin XCRemoteSwiftPackageReference section */
		D292F18E275494000008A716 /* XCRemoteSwiftPackageReference "core-plot" */ = {
			isa = XCRemoteSwiftPackageReference;
			repositoryURL = "https://github.com/core-plot/core-plot";
			requirement = {
				branch = "release-2.4";
				kind = branch;
			};
		};
/* End XCRemoteSwiftPackageReference section */

/* Begin XCSwiftPackageProductDependency section */
		D292F18F275494000008A716 /* CorePlot */ = {
			isa = XCSwiftPackageProductDependency;
			package = D292F18E275494000008A716 /* XCRemoteSwiftPackageReference "core-plot" */;
			productName = CorePlot;
		};
		D292F196275494190008A716 /* CorePlot */ = {
			isa = XCSwiftPackageProductDependency;
			package = D292F18E275494000008A716 /* XCRemoteSwiftPackageReference "core-plot" */;
			productName = CorePlot;
		};
		D292F198275494310008A716 /* CorePlot */ = {
			isa = XCSwiftPackageProductDependency;
			package = D292F18E275494000008A716 /* XCRemoteSwiftPackageReference "core-plot" */;
			productName = CorePlot;
		};
		D292F19A275494360008A716 /* CorePlot */ = {
			isa = XCSwiftPackageProductDependency;
			package = D292F18E275494000008A716 /* XCRemoteSwiftPackageReference "core-plot" */;
			productName = CorePlot;
		};
/* End XCSwiftPackageProductDependency section */
	};
	rootObject = D292F148275493650008A716 /* Project object */;
}
